// !$*UTF8*$!
{
	archiveVersion = 1;
	classes = {
	};
	objectVersion = 50;
	objects = {

/* Begin PBXBuildFile section */
		07BE9C6E246F4A02007FD933 /* AppDelegate.swift in Sources */ = {isa = PBXBuildFile; fileRef = 07BE9C6D246F4A02007FD933 /* AppDelegate.swift */; };
		07BE9C70246F4A02007FD933 /* ContentView.swift in Sources */ = {isa = PBXBuildFile; fileRef = 07BE9C6F246F4A02007FD933 /* ContentView.swift */; };
		07BE9C72246F4A03007FD933 /* Assets.xcassets in Resources */ = {isa = PBXBuildFile; fileRef = 07BE9C71246F4A03007FD933 /* Assets.xcassets */; };
		07BE9C75246F4A03007FD933 /* Preview Assets.xcassets in Resources */ = {isa = PBXBuildFile; fileRef = 07BE9C74246F4A03007FD933 /* Preview Assets.xcassets */; };
		07BE9C78246F4A03007FD933 /* Main.storyboard in Resources */ = {isa = PBXBuildFile; fileRef = 07BE9C76246F4A03007FD933 /* Main.storyboard */; };
/* End PBXBuildFile section */

/* Begin PBXFileReference section */
		07BE9C6A246F4A02007FD933 /* bridge-monitor-gaps.app */ = {isa = PBXFileReference; explicitFileType = wrapper.application; includeInIndex = 0; path = "bridge-monitor-gaps.app"; sourceTree = BUILT_PRODUCTS_DIR; };
		07BE9C6D246F4A02007FD933 /* AppDelegate.swift */ = {isa = PBXFileReference; lastKnownFileType = sourcecode.swift; path = AppDelegate.swift; sourceTree = "<group>"; };
		07BE9C6F246F4A02007FD933 /* ContentView.swift */ = {isa = PBXFileReference; lastKnownFileType = sourcecode.swift; path = ContentView.swift; sourceTree = "<group>"; };
		07BE9C71246F4A03007FD933 /* Assets.xcassets */ = {isa = PBXFileReference; lastKnownFileType = folder.assetcatalog; path = Assets.xcassets; sourceTree = "<group>"; };
		07BE9C74246F4A03007FD933 /* Preview Assets.xcassets */ = {isa = PBXFileReference; lastKnownFileType = folder.assetcatalog; path = "Preview Assets.xcassets"; sourceTree = "<group>"; };
		07BE9C77246F4A03007FD933 /* Base */ = {isa = PBXFileReference; lastKnownFileType = file.storyboard; name = Base; path = Base.lproj/Main.storyboard; sourceTree = "<group>"; };
		07BE9C79246F4A03007FD933 /* Info.plist */ = {isa = PBXFileReference; lastKnownFileType = text.plist.xml; path = Info.plist; sourceTree = "<group>"; };
		07BE9C7A246F4A03007FD933 /* bridge_monitor_gaps.entitlements */ = {isa = PBXFileReference; lastKnownFileType = text.plist.entitlements; path = bridge_monitor_gaps.entitlements; sourceTree = "<group>"; };
/* End PBXFileReference section */

/* Begin PBXFrameworksBuildPhase section */
		07BE9C67246F4A02007FD933 /* Frameworks */ = {
			isa = PBXFrameworksBuildPhase;
			buildActionMask = 2147483647;
			files = (
			);
			runOnlyForDeploymentPostprocessing = 0;
		};
/* End PBXFrameworksBuildPhase section */

/* Begin PBXGroup section */
		07BE9C61246F4A02007FD933 = {
			isa = PBXGroup;
			children = (
				07BE9C6C246F4A02007FD933 /* bridge-monitor-gaps */,
				07BE9C6B246F4A02007FD933 /* Products */,
			);
			sourceTree = "<group>";
		};
		07BE9C6B246F4A02007FD933 /* Products */ = {
			isa = PBXGroup;
			children = (
				07BE9C6A246F4A02007FD933 /* bridge-monitor-gaps.app */,
			);
			name = Products;
			sourceTree = "<group>";
		};
		07BE9C6C246F4A02007FD933 /* bridge-monitor-gaps */ = {
			isa = PBXGroup;
			children = (
				07BE9C6D246F4A02007FD933 /* AppDelegate.swift */,
				07BE9C6F246F4A02007FD933 /* ContentView.swift */,
				07BE9C71246F4A03007FD933 /* Assets.xcassets */,
				07BE9C76246F4A03007FD933 /* Main.storyboard */,
				07BE9C79246F4A03007FD933 /* Info.plist */,
				07BE9C7A246F4A03007FD933 /* bridge_monitor_gaps.entitlements */,
				07BE9C73246F4A03007FD933 /* Preview Content */,
			);
			path = "bridge-monitor-gaps";
			sourceTree = "<group>";
		};
		07BE9C73246F4A03007FD933 /* Preview Content */ = {
			isa = PBXGroup;
			children = (
				07BE9C74246F4A03007FD933 /* Preview Assets.xcassets */,
			);
			path = "Preview Content";
			sourceTree = "<group>";
		};
/* End PBXGroup section */

/* Begin PBXNativeTarget section */
		07BE9C69246F4A02007FD933 /* bridge-monitor-gaps */ = {
			isa = PBXNativeTarget;
			buildConfigurationList = 07BE9C7D246F4A03007FD933 /* Build configuration list for PBXNativeTarget "bridge-monitor-gaps" */;
			buildPhases = (
				07BE9C66246F4A02007FD933 /* Sources */,
				07BE9C67246F4A02007FD933 /* Frameworks */,
				07BE9C68246F4A02007FD933 /* Resources */,
			);
			buildRules = (
			);
			dependencies = (
			);
			name = "bridge-monitor-gaps";
			productName = "bridge-monitor-gaps";
			productReference = 07BE9C6A246F4A02007FD933 /* bridge-monitor-gaps.app */;
			productType = "com.apple.product-type.application";
		};
/* End PBXNativeTarget section */

/* Begin PBXProject section */
		07BE9C62246F4A02007FD933 /* Project object */ = {
			isa = PBXProject;
			attributes = {
				LastSwiftUpdateCheck = 1140;
				LastUpgradeCheck = 1150;
				ORGANIZATIONNAME = ferreira.life;
				TargetAttributes = {
					07BE9C69246F4A02007FD933 = {
						CreatedOnToolsVersion = 11.4.1;
					};
				};
			};
			buildConfigurationList = 07BE9C65246F4A02007FD933 /* Build configuration list for PBXProject "bridge-monitor-gaps" */;
			compatibilityVersion = "Xcode 9.3";
			developmentRegion = en;
			hasScannedForEncodings = 0;
			knownRegions = (
				en,
				Base,
			);
			mainGroup = 07BE9C61246F4A02007FD933;
			productRefGroup = 07BE9C6B246F4A02007FD933 /* Products */;
			projectDirPath = "";
			projectRoot = "";
			targets = (
				07BE9C69246F4A02007FD933 /* bridge-monitor-gaps */,
			);
		};
/* End PBXProject section */

/* Begin PBXResourcesBuildPhase section */
		07BE9C68246F4A02007FD933 /* Resources */ = {
			isa = PBXResourcesBuildPhase;
			buildActionMask = 2147483647;
			files = (
				07BE9C78246F4A03007FD933 /* Main.storyboard in Resources */,
				07BE9C75246F4A03007FD933 /* Preview Assets.xcassets in Resources */,
				07BE9C72246F4A03007FD933 /* Assets.xcassets in Resources */,
			);
			runOnlyForDeploymentPostprocessing = 0;
		};
/* End PBXResourcesBuildPhase section */

/* Begin PBXSourcesBuildPhase section */
		07BE9C66246F4A02007FD933 /* Sources */ = {
			isa = PBXSourcesBuildPhase;
			buildActionMask = 2147483647;
			files = (
				07BE9C70246F4A02007FD933 /* ContentView.swift in Sources */,
				07BE9C6E246F4A02007FD933 /* AppDelegate.swift in Sources */,
			);
			runOnlyForDeploymentPostprocessing = 0;
		};
/* End PBXSourcesBuildPhase section */

/* Begin PBXVariantGroup section */
		07BE9C76246F4A03007FD933 /* Main.storyboard */ = {
			isa = PBXVariantGroup;
			children = (
				07BE9C77246F4A03007FD933 /* Base */,
			);
			name = Main.storyboard;
			sourceTree = "<group>";
		};
/* End PBXVariantGroup section */

/* Begin XCBuildConfiguration section */
		07BE9C7B246F4A03007FD933 /* Debug */ = {
			isa = XCBuildConfiguration;
			buildSettings = {
				ALWAYS_SEARCH_USER_PATHS = NO;
				CLANG_ANALYZER_NONNULL = YES;
				CLANG_ANALYZER_NUMBER_OBJECT_CONVERSION = YES_AGGRESSIVE;
				CLANG_CXX_LANGUAGE_STANDARD = "gnu++14";
				CLANG_CXX_LIBRARY = "libc++";
				CLANG_ENABLE_MODULES = YES;
				CLANG_ENABLE_OBJC_ARC = YES;
				CLANG_ENABLE_OBJC_WEAK = YES;
				CLANG_WARN_BLOCK_CAPTURE_AUTORELEASING = YES;
				CLANG_WARN_BOOL_CONVERSION = YES;
				CLANG_WARN_COMMA = YES;
				CLANG_WARN_CONSTANT_CONVERSION = YES;
				CLANG_WARN_DEPRECATED_OBJC_IMPLEMENTATIONS = YES;
				CLANG_WARN_DIRECT_OBJC_ISA_USAGE = YES_ERROR;
				CLANG_WARN_DOCUMENTATION_COMMENTS = YES;
				CLANG_WARN_EMPTY_BODY = YES;
				CLANG_WARN_ENUM_CONVERSION = YES;
				CLANG_WARN_INFINITE_RECURSION = YES;
				CLANG_WARN_INT_CONVERSION = YES;
				CLANG_WARN_NON_LITERAL_NULL_CONVERSION = YES;
				CLANG_WARN_OBJC_IMPLICIT_RETAIN_SELF = YES;
				CLANG_WARN_OBJC_LITERAL_CONVERSION = YES;
				CLANG_WARN_OBJC_ROOT_CLASS = YES_ERROR;
				CLANG_WARN_RANGE_LOOP_ANALYSIS = YES;
				CLANG_WARN_STRICT_PROTOTYPES = YES;
				CLANG_WARN_SUSPICIOUS_MOVE = YES;
				CLANG_WARN_UNGUARDED_AVAILABILITY = YES_AGGRESSIVE;
				CLANG_WARN_UNREACHABLE_CODE = YES;
				CLANG_WARN__DUPLICATE_METHOD_MATCH = YES;
				COPY_PHASE_STRIP = NO;
				DEBUG_INFORMATION_FORMAT = dwarf;
				ENABLE_STRICT_OBJC_MSGSEND = YES;
				ENABLE_TESTABILITY = YES;
				GCC_C_LANGUAGE_STANDARD = gnu11;
				GCC_DYNAMIC_NO_PIC = NO;
				GCC_NO_COMMON_BLOCKS = YES;
				GCC_OPTIMIZATION_LEVEL = 0;
				GCC_PREPROCESSOR_DEFINITIONS = (
					"DEBUG=1",
					"$(inherited)",
				);
				GCC_WARN_64_TO_32_BIT_CONVERSION = YES;
				GCC_WARN_ABOUT_RETURN_TYPE = YES_ERROR;
				GCC_WARN_UNDECLARED_SELECTOR = YES;
				GCC_WARN_UNINITIALIZED_AUTOS = YES_AGGRESSIVE;
				GCC_WARN_UNUSED_FUNCTION = YES;
				GCC_WARN_UNUSED_VARIABLE = YES;
				MACOSX_DEPLOYMENT_TARGET = 10.15;
				MTL_ENABLE_DEBUG_INFO = INCLUDE_SOURCE;
				MTL_FAST_MATH = YES;
				ONLY_ACTIVE_ARCH = YES;
				SDKROOT = macosx;
				SWIFT_ACTIVE_COMPILATION_CONDITIONS = DEBUG;
				SWIFT_OPTIMIZATION_LEVEL = "-Onone";
			};
			name = Debug;
		};
		07BE9C7C246F4A03007FD933 /* Release */ = {
			isa = XCBuildConfiguration;
			buildSettings = {
				ALWAYS_SEARCH_USER_PATHS = NO;
				CLANG_ANALYZER_NONNULL = YES;
				CLANG_ANALYZER_NUMBER_OBJECT_CONVERSION = YES_AGGRESSIVE;
				CLANG_CXX_LANGUAGE_STANDARD = "gnu++14";
				CLANG_CXX_LIBRARY = "libc++";
				CLANG_ENABLE_MODULES = YES;
				CLANG_ENABLE_OBJC_ARC = YES;
				CLANG_ENABLE_OBJC_WEAK = YES;
				CLANG_WARN_BLOCK_CAPTURE_AUTORELEASING = YES;
				CLANG_WARN_BOOL_CONVERSION = YES;
				CLANG_WARN_COMMA = YES;
				CLANG_WARN_CONSTANT_CONVERSION = YES;
				CLANG_WARN_DEPRECATED_OBJC_IMPLEMENTATIONS = YES;
				CLANG_WARN_DIRECT_OBJC_ISA_USAGE = YES_ERROR;
				CLANG_WARN_DOCUMENTATION_COMMENTS = YES;
				CLANG_WARN_EMPTY_BODY = YES;
				CLANG_WARN_ENUM_CONVERSION = YES;
				CLANG_WARN_INFINITE_RECURSION = YES;
				CLANG_WARN_INT_CONVERSION = YES;
				CLANG_WARN_NON_LITERAL_NULL_CONVERSION = YES;
				CLANG_WARN_OBJC_IMPLICIT_RETAIN_SELF = YES;
				CLANG_WARN_OBJC_LITERAL_CONVERSION = YES;
				CLANG_WARN_OBJC_ROOT_CLASS = YES_ERROR;
				CLANG_WARN_RANGE_LOOP_ANALYSIS = YES;
				CLANG_WARN_STRICT_PROTOTYPES = YES;
				CLANG_WARN_SUSPICIOUS_MOVE = YES;
				CLANG_WARN_UNGUARDED_AVAILABILITY = YES_AGGRESSIVE;
				CLANG_WARN_UNREACHABLE_CODE = YES;
				CLANG_WARN__DUPLICATE_METHOD_MATCH = YES;
				COPY_PHASE_STRIP = NO;
				DEBUG_INFORMATION_FORMAT = "dwarf-with-dsym";
				ENABLE_NS_ASSERTIONS = NO;
				ENABLE_STRICT_OBJC_MSGSEND = YES;
				GCC_C_LANGUAGE_STANDARD = gnu11;
				GCC_NO_COMMON_BLOCKS = YES;
				GCC_WARN_64_TO_32_BIT_CONVERSION = YES;
				GCC_WARN_ABOUT_RETURN_TYPE = YES_ERROR;
				GCC_WARN_UNDECLARED_SELECTOR = YES;
				GCC_WARN_UNINITIALIZED_AUTOS = YES_AGGRESSIVE;
				GCC_WARN_UNUSED_FUNCTION = YES;
				GCC_WARN_UNUSED_VARIABLE = YES;
				MACOSX_DEPLOYMENT_TARGET = 10.15;
				MTL_ENABLE_DEBUG_INFO = NO;
				MTL_FAST_MATH = YES;
				SDKROOT = macosx;
				SWIFT_COMPILATION_MODE = wholemodule;
				SWIFT_OPTIMIZATION_LEVEL = "-O";
			};
			name = Release;
		};
		07BE9C7E246F4A03007FD933 /* Debug */ = {
			isa = XCBuildConfiguration;
			buildSettings = {
				ASSETCATALOG_COMPILER_APPICON_NAME = AppIcon;
				CODE_SIGN_ENTITLEMENTS = "bridge-monitor-gaps/bridge_monitor_gaps.entitlements";
				CODE_SIGN_IDENTITY = "-";
				CODE_SIGN_STYLE = Automatic;
				COMBINE_HIDPI_IMAGES = YES;
				DEVELOPMENT_ASSET_PATHS = "\"bridge-monitor-gaps/Preview Content\"";
				DEVELOPMENT_TEAM = U6BN3M2E92;
				ENABLE_HARDENED_RUNTIME = YES;
				ENABLE_PREVIEWS = YES;
				INFOPLIST_FILE = "bridge-monitor-gaps/Info.plist";
				LD_RUNPATH_SEARCH_PATHS = (
					"$(inherited)",
					"@executable_path/../Frameworks",
				);
				MACOSX_DEPLOYMENT_TARGET = 10.15;
				PRODUCT_BUNDLE_IDENTIFIER = "life.ferreira.bridge-monitor-gaps";
				PRODUCT_NAME = "$(TARGET_NAME)";
				SWIFT_VERSION = 5.0;
			};
			name = Debug;
		};
		07BE9C7F246F4A03007FD933 /* Release */ = {
			isa = XCBuildConfiguration;
			buildSettings = {
				ASSETCATALOG_COMPILER_APPICON_NAME = AppIcon;
				CODE_SIGN_ENTITLEMENTS = "bridge-monitor-gaps/bridge_monitor_gaps.entitlements";
				CODE_SIGN_IDENTITY = "-";
				CODE_SIGN_STYLE = Automatic;
				COMBINE_HIDPI_IMAGES = YES;
				DEVELOPMENT_ASSET_PATHS = "\"bridge-monitor-gaps/Preview Content\"";
				DEVELOPMENT_TEAM = U6BN3M2E92;
				ENABLE_HARDENED_RUNTIME = YES;
				ENABLE_PREVIEWS = YES;
				INFOPLIST_FILE = "bridge-monitor-gaps/Info.plist";
				LD_RUNPATH_SEARCH_PATHS = (
					"$(inherited)",
					"@executable_path/../Frameworks",
				);
				MACOSX_DEPLOYMENT_TARGET = 10.15;
				PRODUCT_BUNDLE_IDENTIFIER = "life.ferreira.bridge-monitor-gaps";
				PRODUCT_NAME = "$(TARGET_NAME)";
				SWIFT_VERSION = 5.0;
			};
			name = Release;
		};
/* End XCBuildConfiguration section */

/* Begin XCConfigurationList section */
		07BE9C65246F4A02007FD933 /* Build configuration list for PBXProject "bridge-monitor-gaps" */ = {
			isa = XCConfigurationList;
			buildConfigurations = (
				07BE9C7B246F4A03007FD933 /* Debug */,
				07BE9C7C246F4A03007FD933 /* Release */,
			);
			defaultConfigurationIsVisible = 0;
			defaultConfigurationName = Release;
		};
		07BE9C7D246F4A03007FD933 /* Build configuration list for PBXNativeTarget "bridge-monitor-gaps" */ = {
			isa = XCConfigurationList;
			buildConfigurations = (
				07BE9C7E246F4A03007FD933 /* Debug */,
				07BE9C7F246F4A03007FD933 /* Release */,
			);
			defaultConfigurationIsVisible = 0;
			defaultConfigurationName = Release;
		};
/* End XCConfigurationList section */
	};
	rootObject = 07BE9C62246F4A02007FD933 /* Project object */;
}
